# This file is automatically @generated by Cargo.
# It is not intended for manual editing.
version = 3

[[package]]
name = "markdown"
version = "1.0.0-alpha.7"
source = "registry+https://github.com/rust-lang/crates.io-index"
checksum = "98de49c677e95e00eaa74c42a0b07ea55e1e0b1ebca5b2cbc7657f288cd714eb"
dependencies = [
 "unicode-id",
]

[[package]]
name = "maxdown"
version = "0.1.0"
dependencies = [
 "markdown",
]

[[package]]
name = "unicode-id"
version = "0.3.3"
source = "registry+https://github.com/rust-lang/crates.io-index"
checksum = "d70b6494226b36008c8366c288d77190b3fad2eb4c10533139c1c1f461127f1a"
